PODS:
  - CompoundFetchedResultsController (2.0.0)
  - FetchedDataSource (2.0.3)
  - MagicalRecord (2.3.2):
    - MagicalRecord/Core (= 2.3.2)
  - MagicalRecord/Core (2.3.2)
  - Reusable (4.0.4):
    - Reusable/Storyboard (= 4.0.4)
    - Reusable/View (= 4.0.4)
  - Reusable/Storyboard (4.0.4)
  - Reusable/View (4.0.4)

DEPENDENCIES:
  - CompoundFetchedResultsController
  - FetchedDataSource (from `../`)
  - MagicalRecord
  - Reusable

SPEC REPOS:
  https://github.com/cocoapods/specs.git:
    - CompoundFetchedResultsController
    - MagicalRecord
    - Reusable

EXTERNAL SOURCES:
  FetchedDataSource:
    :path: "../"

SPEC CHECKSUMS:
  CompoundFetchedResultsController: c6187bfb2f95f78ac8e132ef699e415721f6d310
  FetchedDataSource: cbc2cdc13a02891235a6ae1c12b90be32fa2df8d
  MagicalRecord: 53bed74b4323b930992a725be713e53b37d19755
  Reusable: 7fc772097df3e5fc86f59d8a7af9708e49b5ff55

PODFILE CHECKSUM: 4896d52f7c43b1495b0b30030a5b787228f9620c

COCOAPODS: 1.6.0.beta.2
