PODS:
  - CompoundFetchedResultsController (1.0.1)
  - FetchedDataSource (1.0.0)
  - MagicalRecord (2.3.2):
    - MagicalRecord/Core (= 2.3.2)
  - MagicalRecord/Core (2.3.2)
  - Reusable (4.0.0):
    - Reusable/Storyboard (= 4.0.0)
    - Reusable/View (= 4.0.0)
  - Reusable/Storyboard (4.0.0)
  - Reusable/View (4.0.0)

DEPENDENCIES:
  - CompoundFetchedResultsController (from `../../CompoundFetchedResultsController`)
  - FetchedDataSource (from `../`)
  - MagicalRecord
  - Reusable

SPEC REPOS:
  https://github.com/cocoapods/specs.git:
    - MagicalRecord
    - Reusable

EXTERNAL SOURCES:
  CompoundFetchedResultsController:
    :path: "../../CompoundFetchedResultsController"
  FetchedDataSource:
    :path: "../"

SPEC CHECKSUMS:
  CompoundFetchedResultsController: 9b52b5e46bb4ff57088d5bd8078c161d924207bb
  FetchedDataSource: b465dbed081cedc9d5d1cfcadb517bcd70f7e1a0
  MagicalRecord: 53bed74b4323b930992a725be713e53b37d19755
  Reusable: 98e5fff1e0e2e00872199699b276dde08ee56c07

PODFILE CHECKSUM: 391dac128c18d7d4266d011aa7e421a46d253e9e

COCOAPODS: 1.6.0.beta.1
